
Microsoft Visual Studio Solution File, Format Version 12.00
# Visual Studio Version 17
VisualStudioVersion = 17.9.34622.214
MinimumVisualStudioVersion = 10.0.40219.1
Project("{FAE04EC0-301F-11D3-BF4B-00C04F79EFBC}") = "InheritanceAssignment1", "InheritanceAssignment\InheritanceAssignment1.csproj", "{AAE82FEB-FF5E-4738-A628-330C3C1F1C2A}"
EndProject
Global
	GlobalSection(SolutionConfigurationPlatforms) = preSolution
		Debug|Any CPU = Debug|Any CPU
		Release|Any CPU = Release|Any CPU
	EndGlobalSection
	GlobalSection(ProjectConfigurationPlatforms) = postSolution
		{AAE82FEB-FF5E-4738-A628-330C3C1F1C2A}.Debug|Any CPU.ActiveCfg = Debug|Any CPU
		{AAE82FEB-FF5E-4738-A628-330C3C1F1C2A}.Debug|Any CPU.Build.0 = Debug|Any CPU
		{AAE82FEB-FF5E-4738-A628-330C3C1F1C2A}.Release|Any CPU.ActiveCfg = Release|Any CPU
		{AAE82FEB-FF5E-4738-A628-330C3C1F1C2A}.Release|Any CPU.Build.0 = Release|Any CPU
	EndGlobalSection
	GlobalSection(SolutionProperties) = preSolution
		HideSolutionNode = FALSE
	EndGlobalSection
	GlobalSection(ExtensibilityGlobals) = postSolution
		SolutionGuid = {98BC2E33-C9F3-4C87-9EB5-51EBE4B69B76}
	EndGlobalSection
EndGlobal
